
Microsoft Visual Studio Solution File, Format Version 12.00
# Visual Studio 2013
VisualStudioVersion = 12.0.21005.1
MinimumVisualStudioVersion = 10.0.40219.1
Project("{FAE04EC0-301F-11D3-BF4B-00C04F79EFBC}") = "MensErgerJeNiet", "MensErgerJeNiet\MensErgerJeNiet.csproj", "{97F8B09F-B314-461A-87FB-3E4E10A7090C}"
EndProject
Project("{FAE04EC0-301F-11D3-BF4B-00C04F79EFBC}") = "MensErgerJeNietTests", "MensErgerJeNietTests\MensErgerJeNietTests.csproj", "{E5D757AD-AD22-4AE1-A4C3-B6C0ED2571CA}"
EndProject
Global
	GlobalSection(SolutionConfigurationPlatforms) = preSolution
		Debug|Any CPU = Debug|Any CPU
		Release|Any CPU = Release|Any CPU
	EndGlobalSection
	GlobalSection(ProjectConfigurationPlatforms) = postSolution
		{97F8B09F-B314-461A-87FB-3E4E10A7090C}.Debug|Any CPU.ActiveCfg = Debug|Any CPU
		{97F8B09F-B314-461A-87FB-3E4E10A7090C}.Debug|Any CPU.Build.0 = Debug|Any CPU
		{97F8B09F-B314-461A-87FB-3E4E10A7090C}.Release|Any CPU.ActiveCfg = Release|Any CPU
		{97F8B09F-B314-461A-87FB-3E4E10A7090C}.Release|Any CPU.Build.0 = Release|Any CPU
		{E5D757AD-AD22-4AE1-A4C3-B6C0ED2571CA}.Debug|Any CPU.ActiveCfg = Debug|Any CPU
		{E5D757AD-AD22-4AE1-A4C3-B6C0ED2571CA}.Debug|Any CPU.Build.0 = Debug|Any CPU
		{E5D757AD-AD22-4AE1-A4C3-B6C0ED2571CA}.Release|Any CPU.ActiveCfg = Release|Any CPU
		{E5D757AD-AD22-4AE1-A4C3-B6C0ED2571CA}.Release|Any CPU.Build.0 = Release|Any CPU
	EndGlobalSection
	GlobalSection(SolutionProperties) = preSolution
		HideSolutionNode = FALSE
	EndGlobalSection
EndGlobal
