
Microsoft Visual Studio Solution File, Format Version 12.00
# Visual Studio 2013
VisualStudioVersion = 12.0.30501.0
MinimumVisualStudioVersion = 10.0.40219.1
Project("{FAE04EC0-301F-11D3-BF4B-00C04F79EFBC}") = "MensErgerJeNiet", "MensErgerJeNiet\MensErgerJeNiet.csproj", "{97F8B09F-B314-461A-87FB-3E4E10A7090C}"
EndProject
Project("{FAE04EC0-301F-11D3-BF4B-00C04F79EFBC}") = "MensErgerJeNietTests", "MensErgerJeNietTests\MensErgerJeNietTests.csproj", "{E5D757AD-AD22-4AE1-A4C3-B6C0ED2571CA}"
EndProject
Project("{F088123C-0E9E-452A-89E6-6BA2F21D5CAC}") = "ModelingProjeCT", "ModelingProjeCT\ModelingProjeCT.modelproj", "{098670D0-64AC-4C03-907B-BBC9F6ABBB2B}"
EndProject
Project("{FAE04EC0-301F-11D3-BF4B-00C04F79EFBC}") = "GUIWinForm", "GUIWinForm\GUIWinForm.csproj", "{0C98832D-2DFF-4D5E-A524-D143F7EF1382}"
EndProject
Project("{FAE04EC0-301F-11D3-BF4B-00C04F79EFBC}") = "ModelingProjeCTLib", "ModelingProjeCTLib\ModelingProjeCTLib.csproj", "{D4B9D6AD-6B0C-48A5-B6B4-F48B9D368E91}"
EndProject
Project("{FAE04EC0-301F-11D3-BF4B-00C04F79EFBC}") = "MensErgerJeNietLogic", "MensErgerJeNietLogic\MensErgerJeNietLogic.csproj", "{B49E77CC-C15D-4B06-B606-047D5E533C23}"
EndProject
Global
	GlobalSection(SolutionConfigurationPlatforms) = preSolution
		Debug|Any CPU = Debug|Any CPU
		Release|Any CPU = Release|Any CPU
	EndGlobalSection
	GlobalSection(ProjectConfigurationPlatforms) = postSolution
		{97F8B09F-B314-461A-87FB-3E4E10A7090C}.Debug|Any CPU.ActiveCfg = Debug|Any CPU
		{97F8B09F-B314-461A-87FB-3E4E10A7090C}.Debug|Any CPU.Build.0 = Debug|Any CPU
		{97F8B09F-B314-461A-87FB-3E4E10A7090C}.Release|Any CPU.ActiveCfg = Release|Any CPU
		{97F8B09F-B314-461A-87FB-3E4E10A7090C}.Release|Any CPU.Build.0 = Release|Any CPU
		{E5D757AD-AD22-4AE1-A4C3-B6C0ED2571CA}.Debug|Any CPU.ActiveCfg = Debug|Any CPU
		{E5D757AD-AD22-4AE1-A4C3-B6C0ED2571CA}.Debug|Any CPU.Build.0 = Debug|Any CPU
		{E5D757AD-AD22-4AE1-A4C3-B6C0ED2571CA}.Release|Any CPU.ActiveCfg = Release|Any CPU
		{E5D757AD-AD22-4AE1-A4C3-B6C0ED2571CA}.Release|Any CPU.Build.0 = Release|Any CPU
		{098670D0-64AC-4C03-907B-BBC9F6ABBB2B}.Debug|Any CPU.ActiveCfg = Debug|Any CPU
		{098670D0-64AC-4C03-907B-BBC9F6ABBB2B}.Debug|Any CPU.Build.0 = Debug|Any CPU
		{098670D0-64AC-4C03-907B-BBC9F6ABBB2B}.Release|Any CPU.ActiveCfg = Release|Any CPU
		{098670D0-64AC-4C03-907B-BBC9F6ABBB2B}.Release|Any CPU.Build.0 = Release|Any CPU
		{0C98832D-2DFF-4D5E-A524-D143F7EF1382}.Debug|Any CPU.ActiveCfg = Debug|Any CPU
		{0C98832D-2DFF-4D5E-A524-D143F7EF1382}.Debug|Any CPU.Build.0 = Debug|Any CPU
		{0C98832D-2DFF-4D5E-A524-D143F7EF1382}.Release|Any CPU.ActiveCfg = Release|Any CPU
		{0C98832D-2DFF-4D5E-A524-D143F7EF1382}.Release|Any CPU.Build.0 = Release|Any CPU
		{D4B9D6AD-6B0C-48A5-B6B4-F48B9D368E91}.Debug|Any CPU.ActiveCfg = Debug|Any CPU
		{D4B9D6AD-6B0C-48A5-B6B4-F48B9D368E91}.Debug|Any CPU.Build.0 = Debug|Any CPU
		{D4B9D6AD-6B0C-48A5-B6B4-F48B9D368E91}.Release|Any CPU.ActiveCfg = Release|Any CPU
		{D4B9D6AD-6B0C-48A5-B6B4-F48B9D368E91}.Release|Any CPU.Build.0 = Release|Any CPU
		{B49E77CC-C15D-4B06-B606-047D5E533C23}.Debug|Any CPU.ActiveCfg = Debug|Any CPU
		{B49E77CC-C15D-4B06-B606-047D5E533C23}.Debug|Any CPU.Build.0 = Debug|Any CPU
		{B49E77CC-C15D-4B06-B606-047D5E533C23}.Release|Any CPU.ActiveCfg = Release|Any CPU
		{B49E77CC-C15D-4B06-B606-047D5E533C23}.Release|Any CPU.Build.0 = Release|Any CPU
	EndGlobalSection
	GlobalSection(SolutionProperties) = preSolution
		HideSolutionNode = FALSE
	EndGlobalSection
EndGlobal
